{
  "nodes": {
    "agenix": {
      "inputs": {
        "darwin": "darwin",
        "nixpkgs": [
          "nixpkgsStable"
        ]
      },
      "locked": {
        "lastModified": 1675176355,
        "narHash": "sha256-Qjxh5cmN56siY97mzmBLI1+cdjXSPqmfPVsKxBvHmwI=",
        "owner": "ryantm",
        "repo": "agenix",
        "rev": "b7ffcfe77f817d9ee992640ba1f270718d197f28",
        "type": "github"
      },
      "original": {
        "owner": "ryantm",
        "repo": "agenix",
        "type": "github"
      }
    },
    "agnoster-zsh-theme": {
      "flake": false,
      "locked": {
        "lastModified": 1651961431,
        "narHash": "sha256-0VmgFYofjh3YUSKu8tBG7bjCOyF096zbBpfF5EjN7iA=",
        "owner": "MatthewCash",
        "repo": "agnoster-zsh-theme",
        "rev": "6003192cb698ad63ca8f3dc61f029033d5b5d0a8",
        "type": "github"
      },
      "original": {
        "owner": "MatthewCash",
        "repo": "agnoster-zsh-theme",
        "type": "github"
      }
    },
    "aurabesh": {
      "flake": false,
      "locked": {
        "narHash": "sha256-6APT5ywuPnN17/kVdFj0XWNWWTG1nH9bm+O9DaB6bnc=",
        "type": "file",
        "url": "https://aurekfonts.github.io/Aurabesh/AURABESH.ttf"
      },
      "original": {
        "type": "file",
        "url": "https://aurekfonts.github.io/Aurabesh/AURABESH.ttf"
      }
    },
    "aurebesh-fonts": {
      "inputs": {
        "aurabesh": "aurabesh",
        "flake-utils": "flake-utils",
        "nixpkgs": [
          "nixpkgsStable"
        ]
      },
      "locked": {
        "lastModified": 1662757868,
        "narHash": "sha256-PXqyA1YWVI35SD8mX0SU7Hk1fvZ4Pn/ECQfYZUnJzM0=",
        "owner": "MatthewCash",
        "repo": "aurebesh-fonts",
        "rev": "1343fa17688ce510a6987dd81898793111407d1a",
        "type": "github"
      },
      "original": {
        "owner": "MatthewCash",
        "repo": "aurebesh-fonts",
        "type": "github"
      }
    },
    "darwin": {
      "inputs": {
        "nixpkgs": [
          "agenix",
          "nixpkgs"
        ]
      },
      "locked": {
        "lastModified": 1673295039,
        "narHash": "sha256-AsdYgE8/GPwcelGgrntlijMg4t3hLFJFCRF3tL5WVjA=",
        "owner": "lnl7",
        "repo": "nix-darwin",
        "rev": "87b9d090ad39b25b2400029c64825fc2a8868943",
        "type": "github"
      },
      "original": {
        "owner": "lnl7",
        "ref": "master",
        "repo": "nix-darwin",
        "type": "github"
      }
    },
    "firefox-gnome-theme": {
      "flake": false,
      "locked": {
        "lastModified": 1674844038,
        "narHash": "sha256-ecyiIohYZxUriIkGQXZjHYJuHIQt0IfWqn4RF6GIA/Y=",
        "owner": "rafaelmardojai",
        "repo": "firefox-gnome-theme",
        "rev": "78fb30118a58425a41ead035324c353828200112",
        "type": "github"
      },
      "original": {
        "owner": "rafaelmardojai",
        "repo": "firefox-gnome-theme",
        "type": "github"
      }
    },
    "firefox-mods": {
      "flake": false,
      "locked": {
        "lastModified": 1674953133,
        "narHash": "sha256-v4GsJmSTlO5QMfsAHkgFW+UJYtJxj3marGTar8sX9Ug=",
        "owner": "MatthewCash",
        "repo": "firefox-mods",
        "rev": "c716309decbd8d6e32ad649619037e79d899274b",
        "type": "github"
      },
      "original": {
        "owner": "MatthewCash",
        "repo": "firefox-mods",
        "type": "github"
      }
    },
    "flake-utils": {
      "locked": {
        "lastModified": 1659877975,
        "narHash": "sha256-zllb8aq3YO3h8B/U0/J1WBgAL8EX5yWf5pMj3G0NAmc=",
        "owner": "numtide",
        "repo": "flake-utils",
        "rev": "c0e246b9b83f637f4681389ecabcb2681b4f3af0",
        "type": "github"
      },
      "original": {
        "owner": "numtide",
        "repo": "flake-utils",
        "type": "github"
      }
    },
    "flake-utils_2": {
      "locked": {
        "lastModified": 1667395993,
        "narHash": "sha256-nuEHfE/LcWyuSWnS8t12N1wc105Qtau+/OdUAjtQ0rA=",
        "owner": "numtide",
        "repo": "flake-utils",
        "rev": "5aed5285a952e0b949eb3ba02c12fa4fcfef535f",
        "type": "github"
      },
      "original": {
        "owner": "numtide",
        "repo": "flake-utils",
        "type": "github"
      }
    },
    "flake-utils_3": {
      "locked": {
        "lastModified": 1667395993,
        "narHash": "sha256-nuEHfE/LcWyuSWnS8t12N1wc105Qtau+/OdUAjtQ0rA=",
        "owner": "numtide",
        "repo": "flake-utils",
        "rev": "5aed5285a952e0b949eb3ba02c12fa4fcfef535f",
        "type": "github"
      },
      "original": {
        "owner": "numtide",
        "repo": "flake-utils",
        "type": "github"
      }
    },
    "gomod2nix": {
      "inputs": {
        "nixpkgs": "nixpkgs",
        "utils": "utils_2"
      },
      "locked": {
        "lastModified": 1662501203,
        "narHash": "sha256-4BKeqCX2zwgBiTdlc2DjGQ0CttKm0vSw0r/bdFdM/PQ=",
        "owner": "nix-community",
        "repo": "gomod2nix",
        "rev": "89cd0675b96775aa3ee86e7c0cf5bc238dd27976",
        "type": "github"
      },
      "original": {
        "owner": "nix-community",
        "repo": "gomod2nix",
        "type": "github"
      }
    },
    "home-manager": {
      "inputs": {
        "nixpkgs": [
          "nixpkgsUnstable"
        ],
        "utils": "utils"
      },
      "locked": {
        "lastModified": 1675371293,
        "narHash": "sha256-LrCjtrAXj/WJphhGEMnHgZs7oTsfOlvPfOjFTIvg39k=",
        "owner": "nix-community",
        "repo": "home-manager",
        "rev": "d1c7730bb707bf8124d997952f7babd2a281ae68",
        "type": "github"
      },
      "original": {
        "owner": "nix-community",
        "repo": "home-manager",
        "type": "github"
      }
    },
    "impermanence": {
      "locked": {
        "lastModified": 1675359654,
        "narHash": "sha256-FPxzuvJkcO49g4zkWLSeuZkln54bLoTtrggZDJBH90I=",
        "owner": "nix-community",
        "repo": "impermanence",
        "rev": "6138eb8e737bffabd4c8fc78ae015d4fd6a7e2fd",
        "type": "github"
      },
      "original": {
        "owner": "nix-community",
        "repo": "impermanence",
        "type": "github"
      }
    },
    "nixlib": {
      "locked": {
        "lastModified": 1636849918,
        "narHash": "sha256-nzUK6dPcTmNVrgTAC1EOybSMsrcx+QrVPyqRdyKLkjA=",
        "owner": "nix-community",
        "repo": "nixpkgs.lib",
        "rev": "28a5b0557f14124608db68d3ee1f77e9329e9dd5",
        "type": "github"
      },
      "original": {
        "owner": "nix-community",
        "repo": "nixpkgs.lib",
        "type": "github"
      }
    },
    "nixos-generators": {
      "inputs": {
        "nixlib": "nixlib",
        "nixpkgs": [
          "nixpkgsUnstable"
        ]
      },
      "locked": {
        "lastModified": 1674666581,
        "narHash": "sha256-KNI2s/xrL7WOYaPJAWKBtb7cCH3335rLfsL+B+ssuGY=",
        "owner": "nix-community",
        "repo": "nixos-generators",
        "rev": "6a5dc1d3d557ea7b5c19b15ff91955124d0400fa",
        "type": "github"
      },
      "original": {
        "owner": "nix-community",
        "repo": "nixos-generators",
        "type": "github"
      }
    },
    "nixos-vscode-server": {
      "inputs": {
        "nixpkgs": [
          "nixpkgsUnstable"
        ]
      },
      "locked": {
        "lastModified": 1657846023,
        "narHash": "sha256-W7XkZ96U/fRzZDU6YGGBQGgxo6A6RJzOrfSRweCZfjw=",
        "owner": "MatthewCash",
        "repo": "nixos-vscode-server",
        "rev": "58a5bbc00235d212a3c99bb62113504abf13da50",
        "type": "github"
      },
      "original": {
        "owner": "MatthewCash",
        "repo": "nixos-vscode-server",
        "type": "github"
      }
    },
    "nixpkgs": {
      "locked": {
        "lastModified": 1658285632,
        "narHash": "sha256-zRS5S/hoeDGUbO+L95wXG9vJNwsSYcl93XiD0HQBXLk=",
        "owner": "NixOS",
        "repo": "nixpkgs",
        "rev": "5342fc6fb59d0595d26883c3cadff16ce58e44f3",
        "type": "github"
      },
      "original": {
        "owner": "NixOS",
        "ref": "master",
        "repo": "nixpkgs",
        "type": "github"
      }
    },
    "nixpkgsStable": {
      "locked": {
        "lastModified": 1675327819,
        "narHash": "sha256-Fd2BUNUsTO7wmoU1fbOC4HNkl370dYdkfKgWPretuj0=",
        "owner": "NixOS",
        "repo": "nixpkgs",
        "rev": "21efc622b939884db3c92f49d638ca89f12f22f8",
        "type": "github"
      },
      "original": {
        "id": "nixpkgs",
        "ref": "nixos-22.11",
        "type": "indirect"
      }
    },
    "nixpkgsUnstable": {
      "locked": {
        "lastModified": 1675273418,
        "narHash": "sha256-4zetAPSyY0D77x+Ww9QBe8RHn1akvIvHJ/kgg8kGDbk=",
        "owner": "NixOS",
        "repo": "nixpkgs",
        "rev": "2caf4ef5005ecc68141ecb4aac271079f7371c44",
        "type": "github"
      },
      "original": {
        "id": "nixpkgs",
        "ref": "nixos-unstable",
        "type": "indirect"
      }
    },
    "root": {
      "inputs": {
        "agenix": "agenix",
        "agnoster-zsh-theme": "agnoster-zsh-theme",
        "aurebesh-fonts": "aurebesh-fonts",
        "firefox-gnome-theme": "firefox-gnome-theme",
        "firefox-mods": "firefox-mods",
        "flake-utils": "flake-utils_2",
        "home-manager": "home-manager",
        "impermanence": "impermanence",
        "nixos-generators": "nixos-generators",
        "nixos-vscode-server": "nixos-vscode-server",
        "nixpkgsStable": "nixpkgsStable",
        "nixpkgsUnstable": "nixpkgsUnstable",
        "tpm-fido": "tpm-fido",
        "zsh-nix-shell": "zsh-nix-shell"
      }
    },
    "tpm-fido": {
      "inputs": {
        "flake-utils": "flake-utils_3",
        "gomod2nix": "gomod2nix",
        "nixpkgs": [
          "nixpkgsStable"
        ]
      },
      "locked": {
        "lastModified": 1671479170,
        "narHash": "sha256-xM5HIJtJ1Sa+EH/tGABreTaFAYm/OFAsasNBqVmCubs=",
        "owner": "MatthewCash",
        "repo": "tpm-fido",
        "rev": "a60dc80cd9cd0894a4fd39caedc072fab96d13cf",
        "type": "github"
      },
      "original": {
        "owner": "MatthewCash",
        "repo": "tpm-fido",
        "type": "github"
      }
    },
    "utils": {
      "locked": {
        "lastModified": 1667395993,
        "narHash": "sha256-nuEHfE/LcWyuSWnS8t12N1wc105Qtau+/OdUAjtQ0rA=",
        "owner": "numtide",
        "repo": "flake-utils",
        "rev": "5aed5285a952e0b949eb3ba02c12fa4fcfef535f",
        "type": "github"
      },
      "original": {
        "owner": "numtide",
        "repo": "flake-utils",
        "type": "github"
      }
    },
    "utils_2": {
      "locked": {
        "lastModified": 1653893745,
        "narHash": "sha256-0jntwV3Z8//YwuOjzhV2sgJJPt+HY6KhU7VZUL0fKZQ=",
        "owner": "numtide",
        "repo": "flake-utils",
        "rev": "1ed9fb1935d260de5fe1c2f7ee0ebaae17ed2fa1",
        "type": "github"
      },
      "original": {
        "owner": "numtide",
        "repo": "flake-utils",
        "type": "github"
      }
    },
    "zsh-nix-shell": {
      "flake": false,
      "locked": {
        "lastModified": 1648749800,
        "narHash": "sha256-BjgMhILEL/qdgfno4LR64LSB8n9pC9R+gG7IQWwgyfQ=",
        "owner": "MatthewCash",
        "repo": "zsh-nix-shell",
        "rev": "af6f8a266ea1875b9a3e86e14796cadbe1cfbf08",
        "type": "github"
      },
      "original": {
        "owner": "MatthewCash",
        "repo": "zsh-nix-shell",
        "type": "github"
      }
    }
  },
  "root": "root",
  "version": 7
}
