{
  "nodes": {
    "agenix": {
      "inputs": {
        "nixpkgs": [
          "nixpkgsStable"
        ]
      },
      "locked": {
        "lastModified": 1665870395,
        "narHash": "sha256-Tsbqb27LDNxOoPLh0gw2hIb6L/6Ow/6lIBvqcHzEKBI=",
        "owner": "ryantm",
        "repo": "agenix",
        "rev": "a630400067c6d03c9b3e0455347dc8559db14288",
        "type": "github"
      },
      "original": {
        "owner": "ryantm",
        "repo": "agenix",
        "type": "github"
      }
    },
    "agnoster-zsh-theme": {
      "flake": false,
      "locked": {
        "lastModified": 1651961431,
        "narHash": "sha256-0VmgFYofjh3YUSKu8tBG7bjCOyF096zbBpfF5EjN7iA=",
        "owner": "MatthewCash",
        "repo": "agnoster-zsh-theme",
        "rev": "6003192cb698ad63ca8f3dc61f029033d5b5d0a8",
        "type": "github"
      },
      "original": {
        "owner": "MatthewCash",
        "repo": "agnoster-zsh-theme",
        "type": "github"
      }
    },
    "aurabesh": {
      "flake": false,
      "locked": {
        "narHash": "sha256-6APT5ywuPnN17/kVdFj0XWNWWTG1nH9bm+O9DaB6bnc=",
        "type": "file",
        "url": "https://aurekfonts.github.io/Aurabesh/AURABESH.ttf"
      },
      "original": {
        "type": "file",
        "url": "https://aurekfonts.github.io/Aurabesh/AURABESH.ttf"
      }
    },
    "aurebesh-fonts": {
      "inputs": {
        "aurabesh": "aurabesh",
        "flake-utils": "flake-utils",
        "nixpkgs": [
          "nixpkgsStable"
        ]
      },
      "locked": {
        "lastModified": 1662757868,
        "narHash": "sha256-PXqyA1YWVI35SD8mX0SU7Hk1fvZ4Pn/ECQfYZUnJzM0=",
        "owner": "MatthewCash",
        "repo": "aurebesh-fonts",
        "rev": "1343fa17688ce510a6987dd81898793111407d1a",
        "type": "github"
      },
      "original": {
        "owner": "MatthewCash",
        "repo": "aurebesh-fonts",
        "type": "github"
      }
    },
    "firefox-gnome-theme": {
      "flake": false,
      "locked": {
        "lastModified": 1668789123,
        "narHash": "sha256-/qGa1N9InRDCQyLs4BEhR8jkjSb4AIzXTCWM0Jhrj7c=",
        "owner": "rafaelmardojai",
        "repo": "firefox-gnome-theme",
        "rev": "2e73e5a87abb9ca774c995f9df16c4d14009734e",
        "type": "github"
      },
      "original": {
        "owner": "rafaelmardojai",
        "repo": "firefox-gnome-theme",
        "type": "github"
      }
    },
    "flake-utils": {
      "locked": {
        "lastModified": 1659877975,
        "narHash": "sha256-zllb8aq3YO3h8B/U0/J1WBgAL8EX5yWf5pMj3G0NAmc=",
        "owner": "numtide",
        "repo": "flake-utils",
        "rev": "c0e246b9b83f637f4681389ecabcb2681b4f3af0",
        "type": "github"
      },
      "original": {
        "owner": "numtide",
        "repo": "flake-utils",
        "type": "github"
      }
    },
    "home-manager": {
      "inputs": {
        "nixpkgs": [
          "nixpkgsUnstable"
        ],
        "utils": "utils"
      },
      "locked": {
        "lastModified": 1668788863,
        "narHash": "sha256-FsdUG+YkRX7JZKZm6T44J2h+0pXB1sWA9AobyiozFK0=",
        "owner": "nix-community",
        "repo": "home-manager",
        "rev": "948d1f8a5cef55a281d4f5d17f3b79df6c82fce1",
        "type": "github"
      },
      "original": {
        "owner": "nix-community",
        "repo": "home-manager",
        "type": "github"
      }
    },
    "impermanence": {
      "locked": {
        "lastModified": 1668668915,
        "narHash": "sha256-QjY4ZZbs9shwO4LaLpvlU2bO9J1juYhO9NtV3nrbnYQ=",
        "owner": "nix-community",
        "repo": "impermanence",
        "rev": "5df9108b346f8a42021bf99e50de89c9caa251c3",
        "type": "github"
      },
      "original": {
        "owner": "nix-community",
        "repo": "impermanence",
        "type": "github"
      }
    },
    "nixlib": {
      "locked": {
        "lastModified": 1636849918,
        "narHash": "sha256-nzUK6dPcTmNVrgTAC1EOybSMsrcx+QrVPyqRdyKLkjA=",
        "owner": "nix-community",
        "repo": "nixpkgs.lib",
        "rev": "28a5b0557f14124608db68d3ee1f77e9329e9dd5",
        "type": "github"
      },
      "original": {
        "owner": "nix-community",
        "repo": "nixpkgs.lib",
        "type": "github"
      }
    },
    "nixos-generators": {
      "inputs": {
        "nixlib": "nixlib",
        "nixpkgs": [
          "nixpkgsUnstable"
        ]
      },
      "locked": {
        "lastModified": 1668790324,
        "narHash": "sha256-WPPvwnzY+RLqBC7TESfRbvfnKN4v5Sjz3MY7BD7nm3E=",
        "owner": "nix-community",
        "repo": "nixos-generators",
        "rev": "02e332e8d01c5901dafaef15555384add24630cd",
        "type": "github"
      },
      "original": {
        "owner": "nix-community",
        "repo": "nixos-generators",
        "type": "github"
      }
    },
    "nixos-vscode-server": {
      "inputs": {
        "nixpkgs": [
          "nixpkgsUnstable"
        ]
      },
      "locked": {
        "lastModified": 1657846023,
        "narHash": "sha256-W7XkZ96U/fRzZDU6YGGBQGgxo6A6RJzOrfSRweCZfjw=",
        "owner": "MatthewCash",
        "repo": "nixos-vscode-server",
        "rev": "58a5bbc00235d212a3c99bb62113504abf13da50",
        "type": "github"
      },
      "original": {
        "owner": "MatthewCash",
        "repo": "nixos-vscode-server",
        "type": "github"
      }
    },
    "nixpkgsStable": {
      "locked": {
        "lastModified": 1668595291,
        "narHash": "sha256-j8cyfbtT5sAYPYwbERgTDzfD48ZernL0/V668eGpXAM=",
        "owner": "NixOS",
        "repo": "nixpkgs",
        "rev": "6474d93e007e4d165bcf48e7f87de2175c93d10b",
        "type": "github"
      },
      "original": {
        "id": "nixpkgs",
        "ref": "nixos-22.05",
        "type": "indirect"
      }
    },
    "nixpkgsUnstable": {
      "locked": {
        "lastModified": 1668765800,
        "narHash": "sha256-rC40+/W6Hio7b/RsY8SvQPKNx4WqNcTgfYv8cUMAvJk=",
        "owner": "NixOS",
        "repo": "nixpkgs",
        "rev": "52b2ac8ae18bbad4374ff0dd5aeee0fdf1aea739",
        "type": "github"
      },
      "original": {
        "id": "nixpkgs",
        "ref": "nixos-unstable",
        "type": "indirect"
      }
    },
    "root": {
      "inputs": {
        "agenix": "agenix",
        "agnoster-zsh-theme": "agnoster-zsh-theme",
        "aurebesh-fonts": "aurebesh-fonts",
        "firefox-gnome-theme": "firefox-gnome-theme",
        "home-manager": "home-manager",
        "impermanence": "impermanence",
        "nixos-generators": "nixos-generators",
        "nixos-vscode-server": "nixos-vscode-server",
        "nixpkgsStable": "nixpkgsStable",
        "nixpkgsUnstable": "nixpkgsUnstable",
        "zsh-nix-shell": "zsh-nix-shell"
      }
    },
    "utils": {
      "locked": {
        "lastModified": 1667395993,
        "narHash": "sha256-nuEHfE/LcWyuSWnS8t12N1wc105Qtau+/OdUAjtQ0rA=",
        "owner": "numtide",
        "repo": "flake-utils",
        "rev": "5aed5285a952e0b949eb3ba02c12fa4fcfef535f",
        "type": "github"
      },
      "original": {
        "owner": "numtide",
        "repo": "flake-utils",
        "type": "github"
      }
    },
    "zsh-nix-shell": {
      "flake": false,
      "locked": {
        "lastModified": 1648749800,
        "narHash": "sha256-BjgMhILEL/qdgfno4LR64LSB8n9pC9R+gG7IQWwgyfQ=",
        "owner": "MatthewCash",
        "repo": "zsh-nix-shell",
        "rev": "af6f8a266ea1875b9a3e86e14796cadbe1cfbf08",
        "type": "github"
      },
      "original": {
        "owner": "MatthewCash",
        "repo": "zsh-nix-shell",
        "type": "github"
      }
    }
  },
  "root": "root",
  "version": 7
}
