{
  "nodes": {
    "agenix": {
      "inputs": {
        "darwin": "darwin",
        "nixpkgs": [
          "nixpkgsStable"
        ]
      },
      "locked": {
        "lastModified": 1677969766,
        "narHash": "sha256-AIp/ZYZMNLDZR/H7iiAlaGpu4lcXsVt9JQpBlf43HRY=",
        "owner": "ryantm",
        "repo": "agenix",
        "rev": "03b51fe8e459a946c4b88dcfb6446e45efb2c24e",
        "type": "github"
      },
      "original": {
        "owner": "ryantm",
        "repo": "agenix",
        "type": "github"
      }
    },
    "agnoster-zsh-theme": {
      "flake": false,
      "locked": {
        "lastModified": 1651961431,
        "narHash": "sha256-0VmgFYofjh3YUSKu8tBG7bjCOyF096zbBpfF5EjN7iA=",
        "owner": "MatthewCash",
        "repo": "agnoster-zsh-theme",
        "rev": "6003192cb698ad63ca8f3dc61f029033d5b5d0a8",
        "type": "github"
      },
      "original": {
        "owner": "MatthewCash",
        "repo": "agnoster-zsh-theme",
        "type": "github"
      }
    },
    "aurabesh": {
      "flake": false,
      "locked": {
        "narHash": "sha256-6APT5ywuPnN17/kVdFj0XWNWWTG1nH9bm+O9DaB6bnc=",
        "type": "file",
        "url": "https://aurekfonts.github.io/Aurabesh/AURABESH.ttf"
      },
      "original": {
        "type": "file",
        "url": "https://aurekfonts.github.io/Aurabesh/AURABESH.ttf"
      }
    },
    "aurebesh-fonts": {
      "inputs": {
        "aurabesh": "aurabesh",
        "flake-utils": "flake-utils",
        "nixpkgs": [
          "nixpkgsStable"
        ]
      },
      "locked": {
        "lastModified": 1662757868,
        "narHash": "sha256-PXqyA1YWVI35SD8mX0SU7Hk1fvZ4Pn/ECQfYZUnJzM0=",
        "owner": "MatthewCash",
        "repo": "aurebesh-fonts",
        "rev": "1343fa17688ce510a6987dd81898793111407d1a",
        "type": "github"
      },
      "original": {
        "owner": "MatthewCash",
        "repo": "aurebesh-fonts",
        "type": "github"
      }
    },
    "crane": {
      "inputs": {
        "flake-compat": "flake-compat",
        "flake-utils": [
          "lanzaboote",
          "flake-utils"
        ],
        "nixpkgs": [
          "lanzaboote",
          "nixpkgs"
        ],
        "rust-overlay": [
          "lanzaboote",
          "rust-overlay"
        ]
      },
      "locked": {
        "lastModified": 1673056065,
        "narHash": "sha256-a68tMDTDqdAauxq377ALl4Uwm6oh9MeoY2WbTYRWZoo=",
        "owner": "ipetkov",
        "repo": "crane",
        "rev": "0144134311767fcee80213321f079a8ffa0b9cc1",
        "type": "github"
      },
      "original": {
        "owner": "ipetkov",
        "repo": "crane",
        "type": "github"
      }
    },
    "darwin": {
      "inputs": {
        "nixpkgs": [
          "agenix",
          "nixpkgs"
        ]
      },
      "locked": {
        "lastModified": 1673295039,
        "narHash": "sha256-AsdYgE8/GPwcelGgrntlijMg4t3hLFJFCRF3tL5WVjA=",
        "owner": "lnl7",
        "repo": "nix-darwin",
        "rev": "87b9d090ad39b25b2400029c64825fc2a8868943",
        "type": "github"
      },
      "original": {
        "owner": "lnl7",
        "ref": "master",
        "repo": "nix-darwin",
        "type": "github"
      }
    },
    "firefox-gnome-theme": {
      "flake": false,
      "locked": {
        "lastModified": 1678072416,
        "narHash": "sha256-rIECHPVQ7amcUtUrVmieCyfCxWhHQMMt6J4fjVz8BjY=",
        "owner": "rafaelmardojai",
        "repo": "firefox-gnome-theme",
        "rev": "18a4d21238be0adb941ad94d6ae6df5f16bfc5ca",
        "type": "github"
      },
      "original": {
        "owner": "rafaelmardojai",
        "repo": "firefox-gnome-theme",
        "type": "github"
      }
    },
    "firefox-mods": {
      "flake": false,
      "locked": {
        "lastModified": 1679020582,
        "narHash": "sha256-4ADKcJxLomznYyEzfyQzD0ro0KfloWmNYuIzg692ItE=",
        "owner": "MatthewCash",
        "repo": "firefox-mods",
        "rev": "194157f0aaad12603cc6401c4b3edbc767e55259",
        "type": "github"
      },
      "original": {
        "owner": "MatthewCash",
        "repo": "firefox-mods",
        "type": "github"
      }
    },
    "flake-compat": {
      "flake": false,
      "locked": {
        "lastModified": 1668681692,
        "narHash": "sha256-Ht91NGdewz8IQLtWZ9LCeNXMSXHUss+9COoqu6JLmXU=",
        "owner": "edolstra",
        "repo": "flake-compat",
        "rev": "009399224d5e398d03b22badca40a37ac85412a1",
        "type": "github"
      },
      "original": {
        "owner": "edolstra",
        "repo": "flake-compat",
        "type": "github"
      }
    },
    "flake-compat_2": {
      "flake": false,
      "locked": {
        "lastModified": 1668681692,
        "narHash": "sha256-Ht91NGdewz8IQLtWZ9LCeNXMSXHUss+9COoqu6JLmXU=",
        "owner": "edolstra",
        "repo": "flake-compat",
        "rev": "009399224d5e398d03b22badca40a37ac85412a1",
        "type": "github"
      },
      "original": {
        "owner": "edolstra",
        "repo": "flake-compat",
        "type": "github"
      }
    },
    "flake-compat_3": {
      "flake": false,
      "locked": {
        "lastModified": 1668681692,
        "narHash": "sha256-Ht91NGdewz8IQLtWZ9LCeNXMSXHUss+9COoqu6JLmXU=",
        "owner": "edolstra",
        "repo": "flake-compat",
        "rev": "009399224d5e398d03b22badca40a37ac85412a1",
        "type": "github"
      },
      "original": {
        "owner": "edolstra",
        "repo": "flake-compat",
        "type": "github"
      }
    },
    "flake-parts": {
      "inputs": {
        "nixpkgs-lib": "nixpkgs-lib"
      },
      "locked": {
        "lastModified": 1673047662,
        "narHash": "sha256-dXYxH/0Ea5oQSkGAWWNy7HzmFutguycDGn2dt6lTYRQ=",
        "owner": "hercules-ci",
        "repo": "flake-parts",
        "rev": "aa1f6ca773b6e740037ebfb35f7010e0c3960638",
        "type": "github"
      },
      "original": {
        "owner": "hercules-ci",
        "repo": "flake-parts",
        "type": "github"
      }
    },
    "flake-utils": {
      "locked": {
        "lastModified": 1659877975,
        "narHash": "sha256-zllb8aq3YO3h8B/U0/J1WBgAL8EX5yWf5pMj3G0NAmc=",
        "owner": "numtide",
        "repo": "flake-utils",
        "rev": "c0e246b9b83f637f4681389ecabcb2681b4f3af0",
        "type": "github"
      },
      "original": {
        "owner": "numtide",
        "repo": "flake-utils",
        "type": "github"
      }
    },
    "flake-utils_2": {
      "locked": {
        "lastModified": 1678901627,
        "narHash": "sha256-U02riOqrKKzwjsxc/400XnElV+UtPUQWpANPlyazjH0=",
        "owner": "numtide",
        "repo": "flake-utils",
        "rev": "93a2b84fc4b70d9e089d029deacc3583435c2ed6",
        "type": "github"
      },
      "original": {
        "owner": "numtide",
        "repo": "flake-utils",
        "type": "github"
      }
    },
    "flake-utils_3": {
      "locked": {
        "lastModified": 1667395993,
        "narHash": "sha256-nuEHfE/LcWyuSWnS8t12N1wc105Qtau+/OdUAjtQ0rA=",
        "owner": "numtide",
        "repo": "flake-utils",
        "rev": "5aed5285a952e0b949eb3ba02c12fa4fcfef535f",
        "type": "github"
      },
      "original": {
        "owner": "numtide",
        "repo": "flake-utils",
        "type": "github"
      }
    },
    "flake-utils_4": {
      "locked": {
        "lastModified": 1676283394,
        "narHash": "sha256-XX2f9c3iySLCw54rJ/CZs+ZK6IQy7GXNY4nSOyu2QG4=",
        "owner": "numtide",
        "repo": "flake-utils",
        "rev": "3db36a8b464d0c4532ba1c7dda728f4576d6d073",
        "type": "github"
      },
      "original": {
        "owner": "numtide",
        "repo": "flake-utils",
        "type": "github"
      }
    },
    "flake-utils_5": {
      "locked": {
        "lastModified": 1667395993,
        "narHash": "sha256-nuEHfE/LcWyuSWnS8t12N1wc105Qtau+/OdUAjtQ0rA=",
        "owner": "numtide",
        "repo": "flake-utils",
        "rev": "5aed5285a952e0b949eb3ba02c12fa4fcfef535f",
        "type": "github"
      },
      "original": {
        "owner": "numtide",
        "repo": "flake-utils",
        "type": "github"
      }
    },
    "gitignore": {
      "inputs": {
        "nixpkgs": [
          "lanzaboote",
          "pre-commit-hooks-nix",
          "nixpkgs"
        ]
      },
      "locked": {
        "lastModified": 1660459072,
        "narHash": "sha256-8DFJjXG8zqoONA1vXtgeKXy68KdJL5UaXR8NtVMUbx8=",
        "owner": "hercules-ci",
        "repo": "gitignore.nix",
        "rev": "a20de23b925fd8264fd7fad6454652e142fd7f73",
        "type": "github"
      },
      "original": {
        "owner": "hercules-ci",
        "repo": "gitignore.nix",
        "type": "github"
      }
    },
    "gnome-accent-colors": {
      "flake": false,
      "locked": {
        "lastModified": 1677145675,
        "narHash": "sha256-QGdStycacDLDsA4LHo0B23tVzBUEprYv/hPbMvaXSWU=",
        "owner": "demiskp",
        "repo": "custom-accent-colors",
        "rev": "86f340b80c078e2a479342540eff698330d325e8",
        "type": "github"
      },
      "original": {
        "owner": "demiskp",
        "repo": "custom-accent-colors",
        "type": "github"
      }
    },
    "gomod2nix": {
      "inputs": {
        "nixpkgs": "nixpkgs",
        "utils": "utils_2"
      },
      "locked": {
        "lastModified": 1662501203,
        "narHash": "sha256-4BKeqCX2zwgBiTdlc2DjGQ0CttKm0vSw0r/bdFdM/PQ=",
        "owner": "nix-community",
        "repo": "gomod2nix",
        "rev": "89cd0675b96775aa3ee86e7c0cf5bc238dd27976",
        "type": "github"
      },
      "original": {
        "owner": "nix-community",
        "repo": "gomod2nix",
        "type": "github"
      }
    },
    "home-manager": {
      "inputs": {
        "nixpkgs": [
          "nixpkgsUnstable"
        ],
        "utils": "utils"
      },
      "locked": {
        "lastModified": 1679067095,
        "narHash": "sha256-G2dJQURL/CCi+8RP6jNJG8VqgtzEMCA+6mNodd3VR6E=",
        "owner": "nix-community",
        "repo": "home-manager",
        "rev": "3239e0b40f242f47bf6c0c37b2fd35ab3e76e370",
        "type": "github"
      },
      "original": {
        "owner": "nix-community",
        "repo": "home-manager",
        "type": "github"
      }
    },
    "impermanence": {
      "locked": {
        "lastModified": 1675359654,
        "narHash": "sha256-FPxzuvJkcO49g4zkWLSeuZkln54bLoTtrggZDJBH90I=",
        "owner": "nix-community",
        "repo": "impermanence",
        "rev": "6138eb8e737bffabd4c8fc78ae015d4fd6a7e2fd",
        "type": "github"
      },
      "original": {
        "owner": "nix-community",
        "repo": "impermanence",
        "type": "github"
      }
    },
    "kvlibadwaita": {
      "flake": false,
      "locked": {
        "lastModified": 1659723804,
        "narHash": "sha256-65Gz3WNAwuoWWbBZJL0Ifl+PVLOHjpl6GNhR1oVmGZ0=",
        "owner": "GabePoel",
        "repo": "KvLibadwaita",
        "rev": "61f2e0b04937b6d31f0f4641c9c9f1cc3600a723",
        "type": "github"
      },
      "original": {
        "owner": "GabePoel",
        "repo": "KvLibadwaita",
        "type": "github"
      }
    },
    "lanzaboote": {
      "inputs": {
        "crane": "crane",
        "flake-compat": "flake-compat_2",
        "flake-parts": "flake-parts",
        "flake-utils": "flake-utils_3",
        "nixpkgs": [
          "nixpkgsUnstable"
        ],
        "nixpkgs-test": "nixpkgs-test",
        "pre-commit-hooks-nix": "pre-commit-hooks-nix",
        "rust-overlay": "rust-overlay"
      },
      "locked": {
        "lastModified": 1678921032,
        "narHash": "sha256-Oci5TiT65gansterWuixO1tkkUYyR0T2Qi6hPJyYPvs=",
        "owner": "nix-community",
        "repo": "lanzaboote",
        "rev": "73fca9b923f8419a717046f321d0fa26d3677f79",
        "type": "github"
      },
      "original": {
        "owner": "nix-community",
        "repo": "lanzaboote",
        "type": "github"
      }
    },
    "mozilla-theme": {
      "inputs": {
        "flake-utils": "flake-utils_4",
        "nixpkgs": [
          "nixpkgsStable"
        ]
      },
      "locked": {
        "lastModified": 1678335548,
        "narHash": "sha256-qtnXc2AMdfR/wK7MCriWFTr0xr8pjf00xTTu0cyKiG0=",
        "owner": "MatthewCash",
        "repo": "mozilla-theme",
        "rev": "da9e7895ae08d367df130884d0500b5adfcac52b",
        "type": "github"
      },
      "original": {
        "owner": "MatthewCash",
        "repo": "mozilla-theme",
        "type": "github"
      }
    },
    "nixlib": {
      "locked": {
        "lastModified": 1677373009,
        "narHash": "sha256-kxhz4QUP8tXa/yVSpEzDDZSEp9FvhzRqZzb+SeUaekw=",
        "owner": "nix-community",
        "repo": "nixpkgs.lib",
        "rev": "c9d4f2476046c6a7a2ce3c2118c48455bf0272ea",
        "type": "github"
      },
      "original": {
        "owner": "nix-community",
        "repo": "nixpkgs.lib",
        "type": "github"
      }
    },
    "nixos-generators": {
      "inputs": {
        "nixlib": "nixlib",
        "nixpkgs": [
          "nixpkgsUnstable"
        ]
      },
      "locked": {
        "lastModified": 1678351966,
        "narHash": "sha256-tRFEU0lu3imZb3dtELBY+UbEhWXbb0xlBrsIlpICb+A=",
        "owner": "nix-community",
        "repo": "nixos-generators",
        "rev": "0c043999b16caba6fb571af2d228775729829943",
        "type": "github"
      },
      "original": {
        "owner": "nix-community",
        "repo": "nixos-generators",
        "type": "github"
      }
    },
    "nixpkgs": {
      "locked": {
        "lastModified": 1658285632,
        "narHash": "sha256-zRS5S/hoeDGUbO+L95wXG9vJNwsSYcl93XiD0HQBXLk=",
        "owner": "NixOS",
        "repo": "nixpkgs",
        "rev": "5342fc6fb59d0595d26883c3cadff16ce58e44f3",
        "type": "github"
      },
      "original": {
        "owner": "NixOS",
        "ref": "master",
        "repo": "nixpkgs",
        "type": "github"
      }
    },
    "nixpkgs-lib": {
      "locked": {
        "dir": "lib",
        "lastModified": 1672350804,
        "narHash": "sha256-jo6zkiCabUBn3ObuKXHGqqORUMH27gYDIFFfLq5P4wg=",
        "owner": "NixOS",
        "repo": "nixpkgs",
        "rev": "677ed08a50931e38382dbef01cba08a8f7eac8f6",
        "type": "github"
      },
      "original": {
        "dir": "lib",
        "owner": "NixOS",
        "ref": "nixos-unstable",
        "repo": "nixpkgs",
        "type": "github"
      }
    },
    "nixpkgs-stable": {
      "locked": {
        "lastModified": 1671271954,
        "narHash": "sha256-cSvu+bnvN08sOlTBWbBrKaBHQZq8mvk8bgpt0ZJ2Snc=",
        "owner": "NixOS",
        "repo": "nixpkgs",
        "rev": "d513b448cc2a6da2c8803e3c197c9fc7e67b19e3",
        "type": "github"
      },
      "original": {
        "owner": "NixOS",
        "ref": "nixos-22.05",
        "repo": "nixpkgs",
        "type": "github"
      }
    },
    "nixpkgs-test": {
      "locked": {
        "lastModified": 1671812130,
        "narHash": "sha256-GALBK+qB9rhnB+lVnxdgtMoXCySXughZZ3+qGO1Ke/k=",
        "owner": "RaitoBezarius",
        "repo": "nixpkgs",
        "rev": "e51bf8cc8e2c75192e930ad83ed272938729e7be",
        "type": "github"
      },
      "original": {
        "owner": "RaitoBezarius",
        "ref": "simplified-qemu-boot-disks",
        "repo": "nixpkgs",
        "type": "github"
      }
    },
    "nixpkgsStable": {
      "locked": {
        "lastModified": 1678972866,
        "narHash": "sha256-YV8BcNWfNVgS449B6hFYFUg4kwVIQMNehZP+FNDs1LY=",
        "owner": "NixOS",
        "repo": "nixpkgs",
        "rev": "cd34d6ed7ba7d5c4e44b04a53dc97edb52f2766c",
        "type": "github"
      },
      "original": {
        "id": "nixpkgs",
        "ref": "nixos-22.11",
        "type": "indirect"
      }
    },
    "nixpkgsUnstable": {
      "locked": {
        "lastModified": 1678898370,
        "narHash": "sha256-xTICr1j+uat5hk9FyuPOFGxpWHdJRibwZC+ATi0RbtE=",
        "owner": "NixOS",
        "repo": "nixpkgs",
        "rev": "ac718d02867a84b42522a0ece52d841188208f2c",
        "type": "github"
      },
      "original": {
        "id": "nixpkgs",
        "ref": "nixos-unstable",
        "type": "indirect"
      }
    },
    "pre-commit-hooks-nix": {
      "inputs": {
        "flake-compat": "flake-compat_3",
        "flake-utils": [
          "lanzaboote",
          "flake-utils"
        ],
        "gitignore": "gitignore",
        "nixpkgs": [
          "lanzaboote",
          "nixpkgs"
        ],
        "nixpkgs-stable": "nixpkgs-stable"
      },
      "locked": {
        "lastModified": 1672912243,
        "narHash": "sha256-QnQeKUjco2kO9J4rBqIBPp5XcOMblIMnmyhpjeaJBYc=",
        "owner": "cachix",
        "repo": "pre-commit-hooks.nix",
        "rev": "a4548c09eac4afb592ab2614f4a150120b29584c",
        "type": "github"
      },
      "original": {
        "owner": "cachix",
        "repo": "pre-commit-hooks.nix",
        "type": "github"
      }
    },
    "root": {
      "inputs": {
        "agenix": "agenix",
        "agnoster-zsh-theme": "agnoster-zsh-theme",
        "aurebesh-fonts": "aurebesh-fonts",
        "firefox-gnome-theme": "firefox-gnome-theme",
        "firefox-mods": "firefox-mods",
        "flake-utils": "flake-utils_2",
        "gnome-accent-colors": "gnome-accent-colors",
        "home-manager": "home-manager",
        "impermanence": "impermanence",
        "kvlibadwaita": "kvlibadwaita",
        "lanzaboote": "lanzaboote",
        "mozilla-theme": "mozilla-theme",
        "nixos-generators": "nixos-generators",
        "nixpkgsStable": "nixpkgsStable",
        "nixpkgsUnstable": "nixpkgsUnstable",
        "tpm-fido": "tpm-fido",
        "zsh-nix-shell": "zsh-nix-shell"
      }
    },
    "rust-overlay": {
      "inputs": {
        "flake-utils": [
          "lanzaboote",
          "flake-utils"
        ],
        "nixpkgs": [
          "lanzaboote",
          "nixpkgs"
        ]
      },
      "locked": {
        "lastModified": 1673058265,
        "narHash": "sha256-FFigGHIO9BQeIIKjH5dcpB+ey5CSgfy47wHPGeOhCps=",
        "owner": "oxalica",
        "repo": "rust-overlay",
        "rev": "802ff3314663ec7114f29a6e8b200dfc892023f8",
        "type": "github"
      },
      "original": {
        "owner": "oxalica",
        "repo": "rust-overlay",
        "type": "github"
      }
    },
    "tpm-fido": {
      "inputs": {
        "flake-utils": "flake-utils_5",
        "gomod2nix": "gomod2nix",
        "nixpkgs": [
          "nixpkgsStable"
        ]
      },
      "locked": {
        "lastModified": 1671479170,
        "narHash": "sha256-xM5HIJtJ1Sa+EH/tGABreTaFAYm/OFAsasNBqVmCubs=",
        "owner": "MatthewCash",
        "repo": "tpm-fido",
        "rev": "a60dc80cd9cd0894a4fd39caedc072fab96d13cf",
        "type": "github"
      },
      "original": {
        "owner": "MatthewCash",
        "repo": "tpm-fido",
        "type": "github"
      }
    },
    "utils": {
      "locked": {
        "lastModified": 1676283394,
        "narHash": "sha256-XX2f9c3iySLCw54rJ/CZs+ZK6IQy7GXNY4nSOyu2QG4=",
        "owner": "numtide",
        "repo": "flake-utils",
        "rev": "3db36a8b464d0c4532ba1c7dda728f4576d6d073",
        "type": "github"
      },
      "original": {
        "owner": "numtide",
        "repo": "flake-utils",
        "type": "github"
      }
    },
    "utils_2": {
      "locked": {
        "lastModified": 1653893745,
        "narHash": "sha256-0jntwV3Z8//YwuOjzhV2sgJJPt+HY6KhU7VZUL0fKZQ=",
        "owner": "numtide",
        "repo": "flake-utils",
        "rev": "1ed9fb1935d260de5fe1c2f7ee0ebaae17ed2fa1",
        "type": "github"
      },
      "original": {
        "owner": "numtide",
        "repo": "flake-utils",
        "type": "github"
      }
    },
    "zsh-nix-shell": {
      "flake": false,
      "locked": {
        "lastModified": 1648749800,
        "narHash": "sha256-BjgMhILEL/qdgfno4LR64LSB8n9pC9R+gG7IQWwgyfQ=",
        "owner": "MatthewCash",
        "repo": "zsh-nix-shell",
        "rev": "af6f8a266ea1875b9a3e86e14796cadbe1cfbf08",
        "type": "github"
      },
      "original": {
        "owner": "MatthewCash",
        "repo": "zsh-nix-shell",
        "type": "github"
      }
    }
  },
  "root": "root",
  "version": 7
}
